
Microsoft Visual Studio Solution File, Format Version 12.00
# Visual Studio 15
VisualStudioVersion = 15.0.27428.2043
MinimumVisualStudioVersion = 10.0.40219.1
Project("{FAE04EC0-301F-11D3-BF4B-00C04F79EFBC}") = "OSISP_TASK_13", "OSISP_TASK_13\OSISP_TASK_13.csproj", "{30ACEFBD-BF51-4D77-A685-DBEC9EA2E871}"
EndProject
Global
	GlobalSection(SolutionConfigurationPlatforms) = preSolution
		Debug|Any CPU = Debug|Any CPU
		Release|Any CPU = Release|Any CPU
	EndGlobalSection
	GlobalSection(ProjectConfigurationPlatforms) = postSolution
		{30ACEFBD-BF51-4D77-A685-DBEC9EA2E871}.Debug|Any CPU.ActiveCfg = Debug|Any CPU
		{30ACEFBD-BF51-4D77-A685-DBEC9EA2E871}.Debug|Any CPU.Build.0 = Debug|Any CPU
		{30ACEFBD-BF51-4D77-A685-DBEC9EA2E871}.Release|Any CPU.ActiveCfg = Release|Any CPU
		{30ACEFBD-BF51-4D77-A685-DBEC9EA2E871}.Release|Any CPU.Build.0 = Release|Any CPU
	EndGlobalSection
	GlobalSection(SolutionProperties) = preSolution
		HideSolutionNode = FALSE
	EndGlobalSection
	GlobalSection(ExtensibilityGlobals) = postSolution
		SolutionGuid = {E1EF7A97-E76C-4027-BACB-C0F7141657F4}
	EndGlobalSection
EndGlobal
